// !$*UTF8*$!
{
	archiveVersion = 1;
	classes = {
	};
	objectVersion = 50;
	objects = {

/* Begin PBXBuildFile section */
		8C5A856622BA3D4500854D5C /* AppDelegate.swift in Sources */ = {isa = PBXBuildFile; fileRef = 8C5A856522BA3D4500854D5C /* AppDelegate.swift */; };
		8C5A856822BA3D4500854D5C /* ContentView.swift in Sources */ = {isa = PBXBuildFile; fileRef = 8C5A856722BA3D4500854D5C /* ContentView.swift */; };
		8C5A856A22BA3D4700854D5C /* Assets.xcassets in Resources */ = {isa = PBXBuildFile; fileRef = 8C5A856922BA3D4700854D5C /* Assets.xcassets */; };
		8C5A856D22BA3D4700854D5C /* Preview Assets.xcassets in Resources */ = {isa = PBXBuildFile; fileRef = 8C5A856C22BA3D4700854D5C /* Preview Assets.xcassets */; };
		8C5A857022BA3D4700854D5C /* Main.storyboard in Resources */ = {isa = PBXBuildFile; fileRef = 8C5A856E22BA3D4700854D5C /* Main.storyboard */; };
		8C5A857922BA3D5F00854D5C /* AttributedText.swift in Sources */ = {isa = PBXBuildFile; fileRef = 8C5A857822BA3D5F00854D5C /* AttributedText.swift */; };
/* End PBXBuildFile section */

/* Begin PBXFileReference section */
		8C5A856222BA3D4500854D5C /* SwiftUIRenderer.app */ = {isa = PBXFileReference; explicitFileType = wrapper.application; includeInIndex = 0; path = SwiftUIRenderer.app; sourceTree = BUILT_PRODUCTS_DIR; };
		8C5A856522BA3D4500854D5C /* AppDelegate.swift */ = {isa = PBXFileReference; lastKnownFileType = sourcecode.swift; path = AppDelegate.swift; sourceTree = "<group>"; };
		8C5A856722BA3D4500854D5C /* ContentView.swift */ = {isa = PBXFileReference; lastKnownFileType = sourcecode.swift; path = ContentView.swift; sourceTree = "<group>"; };
		8C5A856922BA3D4700854D5C /* Assets.xcassets */ = {isa = PBXFileReference; lastKnownFileType = folder.assetcatalog; path = Assets.xcassets; sourceTree = "<group>"; };
		8C5A856C22BA3D4700854D5C /* Preview Assets.xcassets */ = {isa = PBXFileReference; lastKnownFileType = folder.assetcatalog; path = "Preview Assets.xcassets"; sourceTree = "<group>"; };
		8C5A856F22BA3D4700854D5C /* Base */ = {isa = PBXFileReference; lastKnownFileType = file.storyboard; name = Base; path = Base.lproj/Main.storyboard; sourceTree = "<group>"; };
		8C5A857122BA3D4700854D5C /* Info.plist */ = {isa = PBXFileReference; lastKnownFileType = text.plist.xml; path = Info.plist; sourceTree = "<group>"; };
		8C5A857222BA3D4700854D5C /* SwiftUIRenderer.entitlements */ = {isa = PBXFileReference; lastKnownFileType = text.plist.entitlements; path = SwiftUIRenderer.entitlements; sourceTree = "<group>"; };
		8C5A857822BA3D5F00854D5C /* AttributedText.swift */ = {isa = PBXFileReference; lastKnownFileType = sourcecode.swift; path = AttributedText.swift; sourceTree = "<group>"; };
/* End PBXFileReference section */

/* Begin PBXFrameworksBuildPhase section */
		8C5A855F22BA3D4500854D5C /* Frameworks */ = {
			isa = PBXFrameworksBuildPhase;
			buildActionMask = 2147483647;
			files = (
			);
			runOnlyForDeploymentPostprocessing = 0;
		};
/* End PBXFrameworksBuildPhase section */

/* Begin PBXGroup section */
		8C5A855922BA3D4500854D5C = {
			isa = PBXGroup;
			children = (
				8C5A856422BA3D4500854D5C /* SwiftUIRenderer */,
				8C5A856322BA3D4500854D5C /* Products */,
			);
			sourceTree = "<group>";
		};
		8C5A856322BA3D4500854D5C /* Products */ = {
			isa = PBXGroup;
			children = (
				8C5A856222BA3D4500854D5C /* SwiftUIRenderer.app */,
			);
			name = Products;
			sourceTree = "<group>";
		};
		8C5A856422BA3D4500854D5C /* SwiftUIRenderer */ = {
			isa = PBXGroup;
			children = (
				8C5A856522BA3D4500854D5C /* AppDelegate.swift */,
				8C5A856722BA3D4500854D5C /* ContentView.swift */,
				8C5A857822BA3D5F00854D5C /* AttributedText.swift */,
				8C5A856922BA3D4700854D5C /* Assets.xcassets */,
				8C5A856E22BA3D4700854D5C /* Main.storyboard */,
				8C5A857122BA3D4700854D5C /* Info.plist */,
				8C5A857222BA3D4700854D5C /* SwiftUIRenderer.entitlements */,
				8C5A856B22BA3D4700854D5C /* Preview Content */,
			);
			path = SwiftUIRenderer;
			sourceTree = "<group>";
		};
		8C5A856B22BA3D4700854D5C /* Preview Content */ = {
			isa = PBXGroup;
			children = (
				8C5A856C22BA3D4700854D5C /* Preview Assets.xcassets */,
			);
			path = "Preview Content";
			sourceTree = "<group>";
		};
/* End PBXGroup section */

/* Begin PBXNativeTarget section */
		8C5A856122BA3D4500854D5C /* SwiftUIRenderer */ = {
			isa = PBXNativeTarget;
			buildConfigurationList = 8C5A857522BA3D4700854D5C /* Build configuration list for PBXNativeTarget "SwiftUIRenderer" */;
			buildPhases = (
				8C5A855E22BA3D4500854D5C /* Sources */,
				8C5A855F22BA3D4500854D5C /* Frameworks */,
				8C5A856022BA3D4500854D5C /* Resources */,
			);
			buildRules = (
			);
			dependencies = (
			);
			name = SwiftUIRenderer;
			productName = SwiftUIRenderer;
			productReference = 8C5A856222BA3D4500854D5C /* SwiftUIRenderer.app */;
			productType = "com.apple.product-type.application";
		};
/* End PBXNativeTarget section */

/* Begin PBXProject section */
		8C5A855A22BA3D4500854D5C /* Project object */ = {
			isa = PBXProject;
			attributes = {
				LastSwiftUpdateCheck = 1100;
				LastUpgradeCheck = 1100;
				ORGANIZATIONNAME = "Lukas Möller";
				TargetAttributes = {
					8C5A856122BA3D4500854D5C = {
						CreatedOnToolsVersion = 11.0;
					};
				};
			};
			buildConfigurationList = 8C5A855D22BA3D4500854D5C /* Build configuration list for PBXProject "SwiftUIRenderer" */;
			compatibilityVersion = "Xcode 9.3";
			developmentRegion = en;
			hasScannedForEncodings = 0;
			knownRegions = (
				en,
				Base,
			);
			mainGroup = 8C5A855922BA3D4500854D5C;
			productRefGroup = 8C5A856322BA3D4500854D5C /* Products */;
			projectDirPath = "";
			projectRoot = "";
			targets = (
				8C5A856122BA3D4500854D5C /* SwiftUIRenderer */,
			);
		};
/* End PBXProject section */

/* Begin PBXResourcesBuildPhase section */
		8C5A856022BA3D4500854D5C /* Resources */ = {
			isa = PBXResourcesBuildPhase;
			buildActionMask = 2147483647;
			files = (
				8C5A857022BA3D4700854D5C /* Main.storyboard in Resources */,
				8C5A856D22BA3D4700854D5C /* Preview Assets.xcassets in Resources */,
				8C5A856A22BA3D4700854D5C /* Assets.xcassets in Resources */,
			);
			runOnlyForDeploymentPostprocessing = 0;
		};
/* End PBXResourcesBuildPhase section */

/* Begin PBXSourcesBuildPhase section */
		8C5A855E22BA3D4500854D5C /* Sources */ = {
			isa = PBXSourcesBuildPhase;
			buildActionMask = 2147483647;
			files = (
				8C5A857922BA3D5F00854D5C /* AttributedText.swift in Sources */,
				8C5A856822BA3D4500854D5C /* ContentView.swift in Sources */,
				8C5A856622BA3D4500854D5C /* AppDelegate.swift in Sources */,
			);
			runOnlyForDeploymentPostprocessing = 0;
		};
/* End PBXSourcesBuildPhase section */

/* Begin PBXVariantGroup section */
		8C5A856E22BA3D4700854D5C /* Main.storyboard */ = {
			isa = PBXVariantGroup;
			children = (
				8C5A856F22BA3D4700854D5C /* Base */,
			);
			name = Main.storyboard;
			sourceTree = "<group>";
		};
/* End PBXVariantGroup section */

/* Begin XCBuildConfiguration section */
		8C5A857322BA3D4700854D5C /* Debug */ = {
			isa = XCBuildConfiguration;
			buildSettings = {
				ALWAYS_SEARCH_USER_PATHS = NO;
				CLANG_ANALYZER_NONNULL = YES;
				CLANG_ANALYZER_NUMBER_OBJECT_CONVERSION = YES_AGGRESSIVE;
				CLANG_CXX_LANGUAGE_STANDARD = "gnu++14";
				CLANG_CXX_LIBRARY = "libc++";
				CLANG_ENABLE_MODULES = YES;
				CLANG_ENABLE_OBJC_ARC = YES;
				CLANG_ENABLE_OBJC_WEAK = YES;
				CLANG_WARN_BLOCK_CAPTURE_AUTORELEASING = YES;
				CLANG_WARN_BOOL_CONVERSION = YES;
				CLANG_WARN_COMMA = YES;
				CLANG_WARN_CONSTANT_CONVERSION = YES;
				CLANG_WARN_DEPRECATED_OBJC_IMPLEMENTATIONS = YES;
				CLANG_WARN_DIRECT_OBJC_ISA_USAGE = YES_ERROR;
				CLANG_WARN_DOCUMENTATION_COMMENTS = YES;
				CLANG_WARN_EMPTY_BODY = YES;
				CLANG_WARN_ENUM_CONVERSION = YES;
				CLANG_WARN_INFINITE_RECURSION = YES;
				CLANG_WARN_INT_CONVERSION = YES;
				CLANG_WARN_NON_LITERAL_NULL_CONVERSION = YES;
				CLANG_WARN_OBJC_IMPLICIT_RETAIN_SELF = YES;
				CLANG_WARN_OBJC_LITERAL_CONVERSION = YES;
				CLANG_WARN_OBJC_ROOT_CLASS = YES_ERROR;
				CLANG_WARN_RANGE_LOOP_ANALYSIS = YES;
				CLANG_WARN_STRICT_PROTOTYPES = YES;
				CLANG_WARN_SUSPICIOUS_MOVE = YES;
				CLANG_WARN_UNGUARDED_AVAILABILITY = YES_AGGRESSIVE;
				CLANG_WARN_UNREACHABLE_CODE = YES;
				CLANG_WARN__DUPLICATE_METHOD_MATCH = YES;
				COPY_PHASE_STRIP = NO;
				DEBUG_INFORMATION_FORMAT = dwarf;
				ENABLE_STRICT_OBJC_MSGSEND = YES;
				ENABLE_TESTABILITY = YES;
				GCC_C_LANGUAGE_STANDARD = gnu11;
				GCC_DYNAMIC_NO_PIC = NO;
				GCC_NO_COMMON_BLOCKS = YES;
				GCC_OPTIMIZATION_LEVEL = 0;
				GCC_PREPROCESSOR_DEFINITIONS = (
					"DEBUG=1",
					"$(inherited)",
				);
				GCC_WARN_64_TO_32_BIT_CONVERSION = YES;
				GCC_WARN_ABOUT_RETURN_TYPE = YES_ERROR;
				GCC_WARN_UNDECLARED_SELECTOR = YES;
				GCC_WARN_UNINITIALIZED_AUTOS = YES_AGGRESSIVE;
				GCC_WARN_UNUSED_FUNCTION = YES;
				GCC_WARN_UNUSED_VARIABLE = YES;
				MACOSX_DEPLOYMENT_TARGET = 10.15;
				MTL_ENABLE_DEBUG_INFO = INCLUDE_SOURCE;
				MTL_FAST_MATH = YES;
				ONLY_ACTIVE_ARCH = YES;
				SDKROOT = macosx;
				SWIFT_ACTIVE_COMPILATION_CONDITIONS = DEBUG;
				SWIFT_OPTIMIZATION_LEVEL = "-Onone";
			};
			name = Debug;
		};
		8C5A857422BA3D4700854D5C /* Release */ = {
			isa = XCBuildConfiguration;
			buildSettings = {
				ALWAYS_SEARCH_USER_PATHS = NO;
				CLANG_ANALYZER_NONNULL = YES;
				CLANG_ANALYZER_NUMBER_OBJECT_CONVERSION = YES_AGGRESSIVE;
				CLANG_CXX_LANGUAGE_STANDARD = "gnu++14";
				CLANG_CXX_LIBRARY = "libc++";
				CLANG_ENABLE_MODULES = YES;
				CLANG_ENABLE_OBJC_ARC = YES;
				CLANG_ENABLE_OBJC_WEAK = YES;
				CLANG_WARN_BLOCK_CAPTURE_AUTORELEASING = YES;
				CLANG_WARN_BOOL_CONVERSION = YES;
				CLANG_WARN_COMMA = YES;
				CLANG_WARN_CONSTANT_CONVERSION = YES;
				CLANG_WARN_DEPRECATED_OBJC_IMPLEMENTATIONS = YES;
				CLANG_WARN_DIRECT_OBJC_ISA_USAGE = YES_ERROR;
				CLANG_WARN_DOCUMENTATION_COMMENTS = YES;
				CLANG_WARN_EMPTY_BODY = YES;
				CLANG_WARN_ENUM_CONVERSION = YES;
				CLANG_WARN_INFINITE_RECURSION = YES;
				CLANG_WARN_INT_CONVERSION = YES;
				CLANG_WARN_NON_LITERAL_NULL_CONVERSION = YES;
				CLANG_WARN_OBJC_IMPLICIT_RETAIN_SELF = YES;
				CLANG_WARN_OBJC_LITERAL_CONVERSION = YES;
				CLANG_WARN_OBJC_ROOT_CLASS = YES_ERROR;
				CLANG_WARN_RANGE_LOOP_ANALYSIS = YES;
				CLANG_WARN_STRICT_PROTOTYPES = YES;
				CLANG_WARN_SUSPICIOUS_MOVE = YES;
				CLANG_WARN_UNGUARDED_AVAILABILITY = YES_AGGRESSIVE;
				CLANG_WARN_UNREACHABLE_CODE = YES;
				CLANG_WARN__DUPLICATE_METHOD_MATCH = YES;
				COPY_PHASE_STRIP = NO;
				DEBUG_INFORMATION_FORMAT = "dwarf-with-dsym";
				ENABLE_NS_ASSERTIONS = NO;
				ENABLE_STRICT_OBJC_MSGSEND = YES;
				GCC_C_LANGUAGE_STANDARD = gnu11;
				GCC_NO_COMMON_BLOCKS = YES;
				GCC_WARN_64_TO_32_BIT_CONVERSION = YES;
				GCC_WARN_ABOUT_RETURN_TYPE = YES_ERROR;
				GCC_WARN_UNDECLARED_SELECTOR = YES;
				GCC_WARN_UNINITIALIZED_AUTOS = YES_AGGRESSIVE;
				GCC_WARN_UNUSED_FUNCTION = YES;
				GCC_WARN_UNUSED_VARIABLE = YES;
				MACOSX_DEPLOYMENT_TARGET = 10.15;
				MTL_ENABLE_DEBUG_INFO = NO;
				MTL_FAST_MATH = YES;
				SDKROOT = macosx;
				SWIFT_COMPILATION_MODE = wholemodule;
				SWIFT_OPTIMIZATION_LEVEL = "-O";
			};
			name = Release;
		};
		8C5A857622BA3D4700854D5C /* Debug */ = {
			isa = XCBuildConfiguration;
			buildSettings = {
				ASSETCATALOG_COMPILER_APPICON_NAME = AppIcon;
				CODE_SIGN_ENTITLEMENTS = SwiftUIRenderer/SwiftUIRenderer.entitlements;
				CODE_SIGN_STYLE = Automatic;
				COMBINE_HIDPI_IMAGES = YES;
				DEVELOPMENT_ASSET_PATHS = "SwiftUIRenderer/Preview\\ Content";
				DEVELOPMENT_TEAM = H4Q4MV9KW7;
				ENABLE_HARDENED_RUNTIME = YES;
				ENABLE_PREVIEWS = YES;
				INFOPLIST_FILE = SwiftUIRenderer/Info.plist;
				LD_RUNPATH_SEARCH_PATHS = (
					"$(inherited)",
					"@executable_path/../Frameworks",
				);
				PRODUCT_BUNDLE_IDENTIFIER = moeller.lukas.SwiftUIRenderer;
				PRODUCT_NAME = "$(TARGET_NAME)";
				SWIFT_VERSION = 5.0;
			};
			name = Debug;
		};
		8C5A857722BA3D4700854D5C /* Release */ = {
			isa = XCBuildConfiguration;
			buildSettings = {
				ASSETCATALOG_COMPILER_APPICON_NAME = AppIcon;
				CODE_SIGN_ENTITLEMENTS = SwiftUIRenderer/SwiftUIRenderer.entitlements;
				CODE_SIGN_STYLE = Automatic;
				COMBINE_HIDPI_IMAGES = YES;
				DEVELOPMENT_ASSET_PATHS = "SwiftUIRenderer/Preview\\ Content";
				DEVELOPMENT_TEAM = H4Q4MV9KW7;
				ENABLE_HARDENED_RUNTIME = YES;
				ENABLE_PREVIEWS = YES;
				INFOPLIST_FILE = SwiftUIRenderer/Info.plist;
				LD_RUNPATH_SEARCH_PATHS = (
					"$(inherited)",
					"@executable_path/../Frameworks",
				);
				PRODUCT_BUNDLE_IDENTIFIER = moeller.lukas.SwiftUIRenderer;
				PRODUCT_NAME = "$(TARGET_NAME)";
				SWIFT_VERSION = 5.0;
			};
			name = Release;
		};
/* End XCBuildConfiguration section */

/* Begin XCConfigurationList section */
		8C5A855D22BA3D4500854D5C /* Build configuration list for PBXProject "SwiftUIRenderer" */ = {
			isa = XCConfigurationList;
			buildConfigurations = (
				8C5A857322BA3D4700854D5C /* Debug */,
				8C5A857422BA3D4700854D5C /* Release */,
			);
			defaultConfigurationIsVisible = 0;
			defaultConfigurationName = Release;
		};
		8C5A857522BA3D4700854D5C /* Build configuration list for PBXNativeTarget "SwiftUIRenderer" */ = {
			isa = XCConfigurationList;
			buildConfigurations = (
				8C5A857622BA3D4700854D5C /* Debug */,
				8C5A857722BA3D4700854D5C /* Release */,
			);
			defaultConfigurationIsVisible = 0;
			defaultConfigurationName = Release;
		};
/* End XCConfigurationList section */
	};
	rootObject = 8C5A855A22BA3D4500854D5C /* Project object */;
}
